
Microsoft Visual Studio Solution File, Format Version 12.00
# Visual Studio Version 17
VisualStudioVersion = 17.5.002.0
MinimumVisualStudioVersion = 10.0.40219.1
Project("{9A19103F-16F7-4668-BE54-9A1E7A4F7556}") = "LHPet", "LHPet.csproj", "{7698B34A-C1DF-4D08-A50E-BDBE65482AE7}"
EndProject
Global
	GlobalSection(SolutionConfigurationPlatforms) = preSolution
		Debug|Any CPU = Debug|Any CPU
		Release|Any CPU = Release|Any CPU
	EndGlobalSection
	GlobalSection(ProjectConfigurationPlatforms) = postSolution
		{7698B34A-C1DF-4D08-A50E-BDBE65482AE7}.Debug|Any CPU.ActiveCfg = Debug|Any CPU
		{7698B34A-C1DF-4D08-A50E-BDBE65482AE7}.Debug|Any CPU.Build.0 = Debug|Any CPU
		{7698B34A-C1DF-4D08-A50E-BDBE65482AE7}.Release|Any CPU.ActiveCfg = Release|Any CPU
		{7698B34A-C1DF-4D08-A50E-BDBE65482AE7}.Release|Any CPU.Build.0 = Release|Any CPU
	EndGlobalSection
	GlobalSection(SolutionProperties) = preSolution
		HideSolutionNode = FALSE
	EndGlobalSection
	GlobalSection(ExtensibilityGlobals) = postSolution
		SolutionGuid = {30A135AC-34DD-4409-A26E-548BEE665468}
	EndGlobalSection
EndGlobal
